
Microsoft Visual Studio Solution File, Format Version 12.00
# Visual Studio 2012
Project("{FAE04EC0-301F-11D3-BF4B-00C04F79EFBC}") = "ValueInjecterTry", "ValueInjecterTry\ValueInjecterTry.csproj", "{AD8B708C-8917-42B9-8627-AF1C7BF4AF2B}"
EndProject
Global
	GlobalSection(SolutionConfigurationPlatforms) = preSolution
		Debug|Any CPU = Debug|Any CPU
		Release|Any CPU = Release|Any CPU
	EndGlobalSection
	GlobalSection(ProjectConfigurationPlatforms) = postSolution
		{AD8B708C-8917-42B9-8627-AF1C7BF4AF2B}.Debug|Any CPU.ActiveCfg = Debug|Any CPU
		{AD8B708C-8917-42B9-8627-AF1C7BF4AF2B}.Debug|Any CPU.Build.0 = Debug|Any CPU
		{AD8B708C-8917-42B9-8627-AF1C7BF4AF2B}.Release|Any CPU.ActiveCfg = Release|Any CPU
		{AD8B708C-8917-42B9-8627-AF1C7BF4AF2B}.Release|Any CPU.Build.0 = Release|Any CPU
	EndGlobalSection
	GlobalSection(SolutionProperties) = preSolution
		HideSolutionNode = FALSE
	EndGlobalSection
EndGlobal
